// !$*UTF8*$!
{
	archiveVersion = 1;
	classes = {
	};
	objectVersion = 55;
	objects = {

/* Begin PBXBuildFile section */
		7BA1536027DE2C5A0037B3AB /* AppDelegate.swift in Sources */ = {isa = PBXBuildFile; fileRef = 7BA1535F27DE2C5A0037B3AB /* AppDelegate.swift */; };
		7BA1536227DE2C5A0037B3AB /* SceneDelegate.swift in Sources */ = {isa = PBXBuildFile; fileRef = 7BA1536127DE2C5A0037B3AB /* SceneDelegate.swift */; };
		7BA1536427DE2C5A0037B3AB /* ViewController.swift in Sources */ = {isa = PBXBuildFile; fileRef = 7BA1536327DE2C5A0037B3AB /* ViewController.swift */; };
		7BA1536727DE2C5A0037B3AB /* Main.storyboard in Resources */ = {isa = PBXBuildFile; fileRef = 7BA1536527DE2C5A0037B3AB /* Main.storyboard */; };
		7BA1536927DE2C5C0037B3AB /* Assets.xcassets in Resources */ = {isa = PBXBuildFile; fileRef = 7BA1536827DE2C5C0037B3AB /* Assets.xcassets */; };
		7BA1536C27DE2C5C0037B3AB /* LaunchScreen.storyboard in Resources */ = {isa = PBXBuildFile; fileRef = 7BA1536A27DE2C5C0037B3AB /* LaunchScreen.storyboard */; };
		7BA1537427DE556E0037B3AB /* schedule.swift in Sources */ = {isa = PBXBuildFile; fileRef = 7BA1537327DE556E0037B3AB /* schedule.swift */; };
		7BA1537827DF03B70037B3AB /* chart.swift in Sources */ = {isa = PBXBuildFile; fileRef = 7BA1537727DF03B70037B3AB /* chart.swift */; };
		7BA1537A27DF03CC0037B3AB /* record.swift in Sources */ = {isa = PBXBuildFile; fileRef = 7BA1537927DF03CC0037B3AB /* record.swift */; };
		7BA1537C27DF03E50037B3AB /* setting.swift in Sources */ = {isa = PBXBuildFile; fileRef = 7BA1537B27DF03E50037B3AB /* setting.swift */; };
/* End PBXBuildFile section */

/* Begin PBXFileReference section */
		7BA1535C27DE2C5A0037B3AB /* scheduler.app */ = {isa = PBXFileReference; explicitFileType = wrapper.application; includeInIndex = 0; path = scheduler.app; sourceTree = BUILT_PRODUCTS_DIR; };
		7BA1535F27DE2C5A0037B3AB /* AppDelegate.swift */ = {isa = PBXFileReference; lastKnownFileType = sourcecode.swift; path = AppDelegate.swift; sourceTree = "<group>"; };
		7BA1536127DE2C5A0037B3AB /* SceneDelegate.swift */ = {isa = PBXFileReference; lastKnownFileType = sourcecode.swift; path = SceneDelegate.swift; sourceTree = "<group>"; };
		7BA1536327DE2C5A0037B3AB /* ViewController.swift */ = {isa = PBXFileReference; lastKnownFileType = sourcecode.swift; path = ViewController.swift; sourceTree = "<group>"; };
		7BA1536627DE2C5A0037B3AB /* Base */ = {isa = PBXFileReference; lastKnownFileType = file.storyboard; name = Base; path = Base.lproj/Main.storyboard; sourceTree = "<group>"; };
		7BA1536827DE2C5C0037B3AB /* Assets.xcassets */ = {isa = PBXFileReference; lastKnownFileType = folder.assetcatalog; path = Assets.xcassets; sourceTree = "<group>"; };
		7BA1536B27DE2C5C0037B3AB /* Base */ = {isa = PBXFileReference; lastKnownFileType = file.storyboard; name = Base; path = Base.lproj/LaunchScreen.storyboard; sourceTree = "<group>"; };
		7BA1536D27DE2C5C0037B3AB /* Info.plist */ = {isa = PBXFileReference; lastKnownFileType = text.plist.xml; path = Info.plist; sourceTree = "<group>"; };
		7BA1537327DE556E0037B3AB /* schedule.swift */ = {isa = PBXFileReference; lastKnownFileType = sourcecode.swift; path = schedule.swift; sourceTree = "<group>"; };
		7BA1537727DF03B70037B3AB /* chart.swift */ = {isa = PBXFileReference; lastKnownFileType = sourcecode.swift; path = chart.swift; sourceTree = "<group>"; };
		7BA1537927DF03CC0037B3AB /* record.swift */ = {isa = PBXFileReference; lastKnownFileType = sourcecode.swift; path = record.swift; sourceTree = "<group>"; };
		7BA1537B27DF03E50037B3AB /* setting.swift */ = {isa = PBXFileReference; lastKnownFileType = sourcecode.swift; path = setting.swift; sourceTree = "<group>"; };
/* End PBXFileReference section */

/* Begin PBXFrameworksBuildPhase section */
		7BA1535927DE2C5A0037B3AB /* Frameworks */ = {
			isa = PBXFrameworksBuildPhase;
			buildActionMask = 2147483647;
			files = (
			);
			runOnlyForDeploymentPostprocessing = 0;
		};
/* End PBXFrameworksBuildPhase section */

/* Begin PBXGroup section */
		7BA1535327DE2C5A0037B3AB = {
			isa = PBXGroup;
			children = (
				7BA1535E27DE2C5A0037B3AB /* scheduler */,
				7BA1535D27DE2C5A0037B3AB /* Products */,
			);
			sourceTree = "<group>";
		};
		7BA1535D27DE2C5A0037B3AB /* Products */ = {
			isa = PBXGroup;
			children = (
				7BA1535C27DE2C5A0037B3AB /* scheduler.app */,
			);
			name = Products;
			sourceTree = "<group>";
		};
		7BA1535E27DE2C5A0037B3AB /* scheduler */ = {
			isa = PBXGroup;
			children = (
				7BA1535F27DE2C5A0037B3AB /* AppDelegate.swift */,
				7BA1536127DE2C5A0037B3AB /* SceneDelegate.swift */,
				7BA1536327DE2C5A0037B3AB /* ViewController.swift */,
				7BA1536527DE2C5A0037B3AB /* Main.storyboard */,
				7BA1536827DE2C5C0037B3AB /* Assets.xcassets */,
				7BA1536A27DE2C5C0037B3AB /* LaunchScreen.storyboard */,
				7BA1536D27DE2C5C0037B3AB /* Info.plist */,
				7BA1537327DE556E0037B3AB /* schedule.swift */,
				7BA1537727DF03B70037B3AB /* chart.swift */,
				7BA1537927DF03CC0037B3AB /* record.swift */,
				7BA1537B27DF03E50037B3AB /* setting.swift */,
			);
			path = scheduler;
			sourceTree = "<group>";
		};
/* End PBXGroup section */

/* Begin PBXNativeTarget section */
		7BA1535B27DE2C5A0037B3AB /* scheduler */ = {
			isa = PBXNativeTarget;
			buildConfigurationList = 7BA1537027DE2C5C0037B3AB /* Build configuration list for PBXNativeTarget "scheduler" */;
			buildPhases = (
				7BA1535827DE2C5A0037B3AB /* Sources */,
				7BA1535927DE2C5A0037B3AB /* Frameworks */,
				7BA1535A27DE2C5A0037B3AB /* Resources */,
			);
			buildRules = (
			);
			dependencies = (
			);
			name = scheduler;
			productName = scheduler;
			productReference = 7BA1535C27DE2C5A0037B3AB /* scheduler.app */;
			productType = "com.apple.product-type.application";
		};
/* End PBXNativeTarget section */

/* Begin PBXProject section */
		7BA1535427DE2C5A0037B3AB /* Project object */ = {
			isa = PBXProject;
			attributes = {
				BuildIndependentTargetsInParallel = 1;
				LastSwiftUpdateCheck = 1320;
				LastUpgradeCheck = 1320;
				TargetAttributes = {
					7BA1535B27DE2C5A0037B3AB = {
						CreatedOnToolsVersion = 13.2.1;
					};
				};
			};
			buildConfigurationList = 7BA1535727DE2C5A0037B3AB /* Build configuration list for PBXProject "scheduler" */;
			compatibilityVersion = "Xcode 13.0";
			developmentRegion = en;
			hasScannedForEncodings = 0;
			knownRegions = (
				en,
				Base,
			);
			mainGroup = 7BA1535327DE2C5A0037B3AB;
			productRefGroup = 7BA1535D27DE2C5A0037B3AB /* Products */;
			projectDirPath = "";
			projectRoot = "";
			targets = (
				7BA1535B27DE2C5A0037B3AB /* scheduler */,
			);
		};
/* End PBXProject section */

/* Begin PBXResourcesBuildPhase section */
		7BA1535A27DE2C5A0037B3AB /* Resources */ = {
			isa = PBXResourcesBuildPhase;
			buildActionMask = 2147483647;
			files = (
				7BA1536C27DE2C5C0037B3AB /* LaunchScreen.storyboard in Resources */,
				7BA1536927DE2C5C0037B3AB /* Assets.xcassets in Resources */,
				7BA1536727DE2C5A0037B3AB /* Main.storyboard in Resources */,
			);
			runOnlyForDeploymentPostprocessing = 0;
		};
/* End PBXResourcesBuildPhase section */

/* Begin PBXSourcesBuildPhase section */
		7BA1535827DE2C5A0037B3AB /* Sources */ = {
			isa = PBXSourcesBuildPhase;
			buildActionMask = 2147483647;
			files = (
				7BA1537A27DF03CC0037B3AB /* record.swift in Sources */,
				7BA1537427DE556E0037B3AB /* schedule.swift in Sources */,
				7BA1536427DE2C5A0037B3AB /* ViewController.swift in Sources */,
				7BA1537C27DF03E50037B3AB /* setting.swift in Sources */,
				7BA1536027DE2C5A0037B3AB /* AppDelegate.swift in Sources */,
				7BA1536227DE2C5A0037B3AB /* SceneDelegate.swift in Sources */,
				7BA1537827DF03B70037B3AB /* chart.swift in Sources */,
			);
			runOnlyForDeploymentPostprocessing = 0;
		};
/* End PBXSourcesBuildPhase section */

/* Begin PBXVariantGroup section */
		7BA1536527DE2C5A0037B3AB /* Main.storyboard */ = {
			isa = PBXVariantGroup;
			children = (
				7BA1536627DE2C5A0037B3AB /* Base */,
			);
			name = Main.storyboard;
			sourceTree = "<group>";
		};
		7BA1536A27DE2C5C0037B3AB /* LaunchScreen.storyboard */ = {
			isa = PBXVariantGroup;
			children = (
				7BA1536B27DE2C5C0037B3AB /* Base */,
			);
			name = LaunchScreen.storyboard;
			sourceTree = "<group>";
		};
/* End PBXVariantGroup section */

/* Begin XCBuildConfiguration section */
		7BA1536E27DE2C5C0037B3AB /* Debug */ = {
			isa = XCBuildConfiguration;
			buildSettings = {
				ALWAYS_SEARCH_USER_PATHS = NO;
				CLANG_ANALYZER_NONNULL = YES;
				CLANG_ANALYZER_NUMBER_OBJECT_CONVERSION = YES_AGGRESSIVE;
				CLANG_CXX_LANGUAGE_STANDARD = "gnu++17";
				CLANG_CXX_LIBRARY = "libc++";
				CLANG_ENABLE_MODULES = YES;
				CLANG_ENABLE_OBJC_ARC = YES;
				CLANG_ENABLE_OBJC_WEAK = YES;
				CLANG_WARN_BLOCK_CAPTURE_AUTORELEASING = YES;
				CLANG_WARN_BOOL_CONVERSION = YES;
				CLANG_WARN_COMMA = YES;
				CLANG_WARN_CONSTANT_CONVERSION = YES;
				CLANG_WARN_DEPRECATED_OBJC_IMPLEMENTATIONS = YES;
				CLANG_WARN_DIRECT_OBJC_ISA_USAGE = YES_ERROR;
				CLANG_WARN_DOCUMENTATION_COMMENTS = YES;
				CLANG_WARN_EMPTY_BODY = YES;
				CLANG_WARN_ENUM_CONVERSION = YES;
				CLANG_WARN_INFINITE_RECURSION = YES;
				CLANG_WARN_INT_CONVERSION = YES;
				CLANG_WARN_NON_LITERAL_NULL_CONVERSION = YES;
				CLANG_WARN_OBJC_IMPLICIT_RETAIN_SELF = YES;
				CLANG_WARN_OBJC_LITERAL_CONVERSION = YES;
				CLANG_WARN_OBJC_ROOT_CLASS = YES_ERROR;
				CLANG_WARN_QUOTED_INCLUDE_IN_FRAMEWORK_HEADER = YES;
				CLANG_WARN_RANGE_LOOP_ANALYSIS = YES;
				CLANG_WARN_STRICT_PROTOTYPES = YES;
				CLANG_WARN_SUSPICIOUS_MOVE = YES;
				CLANG_WARN_UNGUARDED_AVAILABILITY = YES_AGGRESSIVE;
				CLANG_WARN_UNREACHABLE_CODE = YES;
				CLANG_WARN__DUPLICATE_METHOD_MATCH = YES;
				COPY_PHASE_STRIP = NO;
				DEBUG_INFORMATION_FORMAT = dwarf;
				ENABLE_STRICT_OBJC_MSGSEND = YES;
				ENABLE_TESTABILITY = YES;
				GCC_C_LANGUAGE_STANDARD = gnu11;
				GCC_DYNAMIC_NO_PIC = NO;
				GCC_NO_COMMON_BLOCKS = YES;
				GCC_OPTIMIZATION_LEVEL = 0;
				GCC_PREPROCESSOR_DEFINITIONS = (
					"DEBUG=1",
					"$(inherited)",
				);
				GCC_WARN_64_TO_32_BIT_CONVERSION = YES;
				GCC_WARN_ABOUT_RETURN_TYPE = YES_ERROR;
				GCC_WARN_UNDECLARED_SELECTOR = YES;
				GCC_WARN_UNINITIALIZED_AUTOS = YES_AGGRESSIVE;
				GCC_WARN_UNUSED_FUNCTION = YES;
				GCC_WARN_UNUSED_VARIABLE = YES;
				IPHONEOS_DEPLOYMENT_TARGET = 15.0;
				MTL_ENABLE_DEBUG_INFO = INCLUDE_SOURCE;
				MTL_FAST_MATH = YES;
				ONLY_ACTIVE_ARCH = YES;
				SDKROOT = iphoneos;
				SWIFT_ACTIVE_COMPILATION_CONDITIONS = DEBUG;
				SWIFT_OPTIMIZATION_LEVEL = "-Onone";
			};
			name = Debug;
		};
		7BA1536F27DE2C5C0037B3AB /* Release */ = {
			isa = XCBuildConfiguration;
			buildSettings = {
				ALWAYS_SEARCH_USER_PATHS = NO;
				CLANG_ANALYZER_NONNULL = YES;
				CLANG_ANALYZER_NUMBER_OBJECT_CONVERSION = YES_AGGRESSIVE;
				CLANG_CXX_LANGUAGE_STANDARD = "gnu++17";
				CLANG_CXX_LIBRARY = "libc++";
				CLANG_ENABLE_MODULES = YES;
				CLANG_ENABLE_OBJC_ARC = YES;
				CLANG_ENABLE_OBJC_WEAK = YES;
				CLANG_WARN_BLOCK_CAPTURE_AUTORELEASING = YES;
				CLANG_WARN_BOOL_CONVERSION = YES;
				CLANG_WARN_COMMA = YES;
				CLANG_WARN_CONSTANT_CONVERSION = YES;
				CLANG_WARN_DEPRECATED_OBJC_IMPLEMENTATIONS = YES;
				CLANG_WARN_DIRECT_OBJC_ISA_USAGE = YES_ERROR;
				CLANG_WARN_DOCUMENTATION_COMMENTS = YES;
				CLANG_WARN_EMPTY_BODY = YES;
				CLANG_WARN_ENUM_CONVERSION = YES;
				CLANG_WARN_INFINITE_RECURSION = YES;
				CLANG_WARN_INT_CONVERSION = YES;
				CLANG_WARN_NON_LITERAL_NULL_CONVERSION = YES;
				CLANG_WARN_OBJC_IMPLICIT_RETAIN_SELF = YES;
				CLANG_WARN_OBJC_LITERAL_CONVERSION = YES;
				CLANG_WARN_OBJC_ROOT_CLASS = YES_ERROR;
				CLANG_WARN_QUOTED_INCLUDE_IN_FRAMEWORK_HEADER = YES;
				CLANG_WARN_RANGE_LOOP_ANALYSIS = YES;
				CLANG_WARN_STRICT_PROTOTYPES = YES;
				CLANG_WARN_SUSPICIOUS_MOVE = YES;
				CLANG_WARN_UNGUARDED_AVAILABILITY = YES_AGGRESSIVE;
				CLANG_WARN_UNREACHABLE_CODE = YES;
				CLANG_WARN__DUPLICATE_METHOD_MATCH = YES;
				COPY_PHASE_STRIP = NO;
				DEBUG_INFORMATION_FORMAT = "dwarf-with-dsym";
				ENABLE_NS_ASSERTIONS = NO;
				ENABLE_STRICT_OBJC_MSGSEND = YES;
				GCC_C_LANGUAGE_STANDARD = gnu11;
				GCC_NO_COMMON_BLOCKS = YES;
				GCC_WARN_64_TO_32_BIT_CONVERSION = YES;
				GCC_WARN_ABOUT_RETURN_TYPE = YES_ERROR;
				GCC_WARN_UNDECLARED_SELECTOR = YES;
				GCC_WARN_UNINITIALIZED_AUTOS = YES_AGGRESSIVE;
				GCC_WARN_UNUSED_FUNCTION = YES;
				GCC_WARN_UNUSED_VARIABLE = YES;
				IPHONEOS_DEPLOYMENT_TARGET = 15.0;
				MTL_ENABLE_DEBUG_INFO = NO;
				MTL_FAST_MATH = YES;
				SDKROOT = iphoneos;
				SWIFT_COMPILATION_MODE = wholemodule;
				SWIFT_OPTIMIZATION_LEVEL = "-O";
				VALIDATE_PRODUCT = YES;
			};
			name = Release;
		};
		7BA1537127DE2C5C0037B3AB /* Debug */ = {
			isa = XCBuildConfiguration;
			buildSettings = {
				ASSETCATALOG_COMPILER_APPICON_NAME = AppIcon;
				ASSETCATALOG_COMPILER_GLOBAL_ACCENT_COLOR_NAME = AccentColor;
				CODE_SIGN_STYLE = Automatic;
				CURRENT_PROJECT_VERSION = 1;
				DEVELOPMENT_TEAM = FHMBR2FHTA;
				GENERATE_INFOPLIST_FILE = YES;
				INFOPLIST_FILE = scheduler/Info.plist;
				INFOPLIST_KEY_UIApplicationSupportsIndirectInputEvents = YES;
				INFOPLIST_KEY_UILaunchStoryboardName = LaunchScreen;
				INFOPLIST_KEY_UIMainStoryboardFile = Main;
				INFOPLIST_KEY_UISupportedInterfaceOrientations_iPad = "UIInterfaceOrientationPortrait UIInterfaceOrientationPortraitUpsideDown UIInterfaceOrientationLandscapeLeft UIInterfaceOrientationLandscapeRight";
				INFOPLIST_KEY_UISupportedInterfaceOrientations_iPhone = "UIInterfaceOrientationPortrait UIInterfaceOrientationLandscapeLeft UIInterfaceOrientationLandscapeRight";
				IPHONEOS_DEPLOYMENT_TARGET = 15.0;
				LD_RUNPATH_SEARCH_PATHS = (
					"$(inherited)",
					"@executable_path/Frameworks",
				);
				MARKETING_VERSION = 1.0;
				PRODUCT_BUNDLE_IDENTIFIER = com.tuan980324;
				PRODUCT_NAME = "$(TARGET_NAME)";
				SWIFT_EMIT_LOC_STRINGS = YES;
				SWIFT_VERSION = 5.0;
				TARGETED_DEVICE_FAMILY = 1;
			};
			name = Debug;
		};
		7BA1537227DE2C5C0037B3AB /* Release */ = {
			isa = XCBuildConfiguration;
			buildSettings = {
				ASSETCATALOG_COMPILER_APPICON_NAME = AppIcon;
				ASSETCATALOG_COMPILER_GLOBAL_ACCENT_COLOR_NAME = AccentColor;
				CODE_SIGN_STYLE = Automatic;
				CURRENT_PROJECT_VERSION = 1;
				DEVELOPMENT_TEAM = FHMBR2FHTA;
				GENERATE_INFOPLIST_FILE = YES;
				INFOPLIST_FILE = scheduler/Info.plist;
				INFOPLIST_KEY_UIApplicationSupportsIndirectInputEvents = YES;
				INFOPLIST_KEY_UILaunchStoryboardName = LaunchScreen;
				INFOPLIST_KEY_UIMainStoryboardFile = Main;
				INFOPLIST_KEY_UISupportedInterfaceOrientations_iPad = "UIInterfaceOrientationPortrait UIInterfaceOrientationPortraitUpsideDown UIInterfaceOrientationLandscapeLeft UIInterfaceOrientationLandscapeRight";
				INFOPLIST_KEY_UISupportedInterfaceOrientations_iPhone = "UIInterfaceOrientationPortrait UIInterfaceOrientationLandscapeLeft UIInterfaceOrientationLandscapeRight";
				IPHONEOS_DEPLOYMENT_TARGET = 15.0;
				LD_RUNPATH_SEARCH_PATHS = (
					"$(inherited)",
					"@executable_path/Frameworks",
				);
				MARKETING_VERSION = 1.0;
				PRODUCT_BUNDLE_IDENTIFIER = com.tuan980324;
				PRODUCT_NAME = "$(TARGET_NAME)";
				SWIFT_EMIT_LOC_STRINGS = YES;
				SWIFT_VERSION = 5.0;
				TARGETED_DEVICE_FAMILY = 1;
			};
			name = Release;
		};
/* End XCBuildConfiguration section */

/* Begin XCConfigurationList section */
		7BA1535727DE2C5A0037B3AB /* Build configuration list for PBXProject "scheduler" */ = {
			isa = XCConfigurationList;
			buildConfigurations = (
				7BA1536E27DE2C5C0037B3AB /* Debug */,
				7BA1536F27DE2C5C0037B3AB /* Release */,
			);
			defaultConfigurationIsVisible = 0;
			defaultConfigurationName = Release;
		};
		7BA1537027DE2C5C0037B3AB /* Build configuration list for PBXNativeTarget "scheduler" */ = {
			isa = XCConfigurationList;
			buildConfigurations = (
				7BA1537127DE2C5C0037B3AB /* Debug */,
				7BA1537227DE2C5C0037B3AB /* Release */,
			);
			defaultConfigurationIsVisible = 0;
			defaultConfigurationName = Release;
		};
/* End XCConfigurationList section */
	};
	rootObject = 7BA1535427DE2C5A0037B3AB /* Project object */;
}
